PODS:
  - Flutter (1.0.0)
  - flutter_matter (0.0.10):
    - Flutter

DEPENDENCIES:
  - Flutter (from `Flutter`)
  - flutter_matter (from `.symlinks/plugins/flutter_matter/ios`)

EXTERNAL SOURCES:
  Flutter:
    :path: Flutter
  flutter_matter:
    :path: ".symlinks/plugins/flutter_matter/ios"

SPEC CHECKSUMS:
  Flutter: cabc95a1d2626b1b06e7179b784ebcf0c0cde467
  flutter_matter: a2358aebd9f011fca18c7e09c873411e7edf258d

PODFILE CHECKSUM: 05b5e2eb426db260d8e5cbf138215a038327096b

COCOAPODS: 1.16.2
